
Microsoft Visual Studio Solution File, Format Version 12.00
Project("{FAE04EC0-301F-11D3-BF4B-00C04F79EFBC}") = "SolanaEpochMonitor.WorkerService", "SolanaEpochMonitor.WorkerService\SolanaEpochMonitor.WorkerService.csproj", "{92C40CE9-BFA4-4593-9C9F-8F6565AEF39A}"
EndProject
Project("{FAE04EC0-301F-11D3-BF4B-00C04F79EFBC}") = "SolanaEpochMonitor.EmailService", "SolanaEpochMonitor.EmailService\SolanaEpochMonitor.EmailService.csproj", "{2CC538E3-BCF3-4145-8670-A6A616137597}"
EndProject
Global
	GlobalSection(SolutionConfigurationPlatforms) = preSolution
		Debug|Any CPU = Debug|Any CPU
		Release|Any CPU = Release|Any CPU
	EndGlobalSection
	GlobalSection(ProjectConfigurationPlatforms) = postSolution
		{92C40CE9-BFA4-4593-9C9F-8F6565AEF39A}.Debug|Any CPU.ActiveCfg = Debug|Any CPU
		{92C40CE9-BFA4-4593-9C9F-8F6565AEF39A}.Debug|Any CPU.Build.0 = Debug|Any CPU
		{92C40CE9-BFA4-4593-9C9F-8F6565AEF39A}.Release|Any CPU.ActiveCfg = Release|Any CPU
		{92C40CE9-BFA4-4593-9C9F-8F6565AEF39A}.Release|Any CPU.Build.0 = Release|Any CPU
		{2CC538E3-BCF3-4145-8670-A6A616137597}.Debug|Any CPU.ActiveCfg = Debug|Any CPU
		{2CC538E3-BCF3-4145-8670-A6A616137597}.Debug|Any CPU.Build.0 = Debug|Any CPU
		{2CC538E3-BCF3-4145-8670-A6A616137597}.Release|Any CPU.ActiveCfg = Release|Any CPU
		{2CC538E3-BCF3-4145-8670-A6A616137597}.Release|Any CPU.Build.0 = Release|Any CPU
	EndGlobalSection
EndGlobal
